
Microsoft Visual Studio Solution File, Format Version 12.00
# Visual Studio Version 17
VisualStudioVersion = 17.14.36301.6 d17.14
MinimumVisualStudioVersion = 10.0.40219.1
Project("{FAE04EC0-301F-11D3-BF4B-00C04F79EFBC}") = "Zeal", "Zeal\Zeal.csproj", "{13D21DB0-BC94-4771-8E67-ED571327733E}"
EndProject
Global
	GlobalSection(SolutionConfigurationPlatforms) = preSolution
		Debug|Any CPU = Debug|Any CPU
		Release|Any CPU = Release|Any CPU
	EndGlobalSection
	GlobalSection(ProjectConfigurationPlatforms) = postSolution
		{13D21DB0-BC94-4771-8E67-ED571327733E}.Debug|Any CPU.ActiveCfg = Debug|Any CPU
		{13D21DB0-BC94-4771-8E67-ED571327733E}.Debug|Any CPU.Build.0 = Debug|Any CPU
		{13D21DB0-BC94-4771-8E67-ED571327733E}.Release|Any CPU.ActiveCfg = Release|Any CPU
		{13D21DB0-BC94-4771-8E67-ED571327733E}.Release|Any CPU.Build.0 = Release|Any CPU
	EndGlobalSection
	GlobalSection(SolutionProperties) = preSolution
		HideSolutionNode = FALSE
	EndGlobalSection
	GlobalSection(ExtensibilityGlobals) = postSolution
		SolutionGuid = {F4AFA548-0501-46AB-B1C0-4DDAF8E3B49F}
	EndGlobalSection
EndGlobal
